PODS:
  - Alamofire (4.9.1)
  - ReachabilitySwift (5.0.0)
  - SDWebImage (5.15.2):
    - SDWebImage/Core (= 5.15.2)
  - SDWebImage/Core (5.15.2)

DEPENDENCIES:
  - Alamofire (~> 4.0)
  - ReachabilitySwift
  - SDWebImage

SPEC REPOS:
  trunk:
    - Alamofire
    - ReachabilitySwift
    - SDWebImage

SPEC CHECKSUMS:
  Alamofire: 85e8a02c69d6020a0d734f6054870d7ecb75cf18
  ReachabilitySwift: 985039c6f7b23a1da463388634119492ff86c825
  SDWebImage: 8ab87d4b3e5cc4927bd47f78db6ceb0b94442577

PODFILE CHECKSUM: e01d7e583e84e8bb27573925d677466dc53c24a9

COCOAPODS: 1.11.2
